
Microsoft Visual Studio Solution File, Format Version 12.00
# Visual Studio Version 16
VisualStudioVersion = 16.0.29728.190
MinimumVisualStudioVersion = 10.0.40219.1
Project("{9A19103F-16F7-4668-BE54-9A1E7A4F7556}") = "DragonForums", "DragonForums\DragonForums.csproj", "{1FBDE3CE-D7C4-4851-AAB9-653E90D84CE2}"
EndProject
Project("{9A19103F-16F7-4668-BE54-9A1E7A4F7556}") = "DragonForums.Data", "DragonForums.Data\DragonForums.Data.csproj", "{7FE0192D-2B11-4E52-B718-D570E4F38AE5}"
EndProject
Project("{FAE04EC0-301F-11D3-BF4B-00C04F79EFBC}") = "DragonForums.Service", "DragonForums.Service\DragonForums.Service.csproj", "{370400B9-6659-489A-9BA2-89023F58DAAB}"
EndProject
Global
	GlobalSection(SolutionConfigurationPlatforms) = preSolution
		Debug|Any CPU = Debug|Any CPU
		Release|Any CPU = Release|Any CPU
	EndGlobalSection
	GlobalSection(ProjectConfigurationPlatforms) = postSolution
		{1FBDE3CE-D7C4-4851-AAB9-653E90D84CE2}.Debug|Any CPU.ActiveCfg = Debug|Any CPU
		{1FBDE3CE-D7C4-4851-AAB9-653E90D84CE2}.Debug|Any CPU.Build.0 = Debug|Any CPU
		{1FBDE3CE-D7C4-4851-AAB9-653E90D84CE2}.Release|Any CPU.ActiveCfg = Release|Any CPU
		{1FBDE3CE-D7C4-4851-AAB9-653E90D84CE2}.Release|Any CPU.Build.0 = Release|Any CPU
		{7FE0192D-2B11-4E52-B718-D570E4F38AE5}.Debug|Any CPU.ActiveCfg = Debug|Any CPU
		{7FE0192D-2B11-4E52-B718-D570E4F38AE5}.Debug|Any CPU.Build.0 = Debug|Any CPU
		{7FE0192D-2B11-4E52-B718-D570E4F38AE5}.Release|Any CPU.ActiveCfg = Release|Any CPU
		{7FE0192D-2B11-4E52-B718-D570E4F38AE5}.Release|Any CPU.Build.0 = Release|Any CPU
		{370400B9-6659-489A-9BA2-89023F58DAAB}.Debug|Any CPU.ActiveCfg = Debug|Any CPU
		{370400B9-6659-489A-9BA2-89023F58DAAB}.Debug|Any CPU.Build.0 = Debug|Any CPU
		{370400B9-6659-489A-9BA2-89023F58DAAB}.Release|Any CPU.ActiveCfg = Release|Any CPU
		{370400B9-6659-489A-9BA2-89023F58DAAB}.Release|Any CPU.Build.0 = Release|Any CPU
	EndGlobalSection
	GlobalSection(SolutionProperties) = preSolution
		HideSolutionNode = FALSE
	EndGlobalSection
	GlobalSection(ExtensibilityGlobals) = postSolution
		SolutionGuid = {087AAA53-5384-4EA0-8DAB-71B48CA33F93}
	EndGlobalSection
EndGlobal
